
Microsoft Visual Studio Solution File, Format Version 12.00
# Visual Studio Version 16
VisualStudioVersion = 16.0.33130.400
MinimumVisualStudioVersion = 10.0.40219.1
Project("{FAE04EC0-301F-11D3-BF4B-00C04F79EFBC}") = "GitFun", "GitFun\GitFun.csproj", "{A8D7C814-01FF-4E8E-B8DB-51EBBBA363EC}"
EndProject
Global
	GlobalSection(SolutionConfigurationPlatforms) = preSolution
		Debug|Any CPU = Debug|Any CPU
		Release|Any CPU = Release|Any CPU
	EndGlobalSection
	GlobalSection(ProjectConfigurationPlatforms) = postSolution
		{A8D7C814-01FF-4E8E-B8DB-51EBBBA363EC}.Debug|Any CPU.ActiveCfg = Debug|Any CPU
		{A8D7C814-01FF-4E8E-B8DB-51EBBBA363EC}.Debug|Any CPU.Build.0 = Debug|Any CPU
		{A8D7C814-01FF-4E8E-B8DB-51EBBBA363EC}.Release|Any CPU.ActiveCfg = Release|Any CPU
		{A8D7C814-01FF-4E8E-B8DB-51EBBBA363EC}.Release|Any CPU.Build.0 = Release|Any CPU
	EndGlobalSection
	GlobalSection(SolutionProperties) = preSolution
		HideSolutionNode = FALSE
	EndGlobalSection
	GlobalSection(ExtensibilityGlobals) = postSolution
		SolutionGuid = {9409F014-EE6B-411B-80A0-58BD91EDB799}
	EndGlobalSection
EndGlobal
